schema: '2.0'
stages:
  validate:
    cmd: python src/data_validation.py
    deps:
    - path: data/raw/reviews.csv
      hash: md5
      md5: d84d29bca0fb0702f76988177c4cef38
      size: 1780
  preprocess:
    cmd: python src/preprocessing.py
    deps:
    - path: data/raw/reviews.csv
      hash: md5
      md5: d84d29bca0fb0702f76988177c4cef38
      size: 1780
    outs:
    - path: data/processed/clean.csv
      hash: md5
      md5: c9a83eedd28927fb26f9c1279e9c921a
      size: 1777
  train:
    cmd: python src/train.py
    deps:
    - path: data/processed/clean.csv
      hash: md5
      md5: c9a83eedd28927fb26f9c1279e9c921a
      size: 1777
    outs:
    - path: models/model.pkl
      hash: md5
      md5: 7d2d6f873e89f5e00663d33190fc70c3
      size: 6637
